
Microsoft Visual Studio Solution File, Format Version 12.00
# Visual Studio 15
VisualStudioVersion = 15.0.27130.2027
MinimumVisualStudioVersion = 10.0.40219.1
Project("{FAE04EC0-301F-11D3-BF4B-00C04F79EFBC}") = "TemplateCCG.Android", "TemplateCCG\TemplateCCG.Android\TemplateCCG.Android.csproj", "{986769A8-6F86-4655-A422-830D6948D0F5}"
EndProject
Project("{FAE04EC0-301F-11D3-BF4B-00C04F79EFBC}") = "TemplateCCG.iOS", "TemplateCCG\TemplateCCG.iOS\TemplateCCG.iOS.csproj", "{17476380-68FF-43F8-8B41-409D77F7B965}"
EndProject
Project("{FAE04EC0-301F-11D3-BF4B-00C04F79EFBC}") = "TemplateCCG", "TemplateCCG\TemplateCCG\TemplateCCG.csproj", "{DD4FA022-9EB1-4187-A29B-691CC39AA448}"
EndProject
Global
	GlobalSection(SolutionConfigurationPlatforms) = preSolution
		Ad-Hoc|Any CPU = Ad-Hoc|Any CPU
		Ad-Hoc|ARM = Ad-Hoc|ARM
		Ad-Hoc|iPhone = Ad-Hoc|iPhone
		Ad-Hoc|iPhoneSimulator = Ad-Hoc|iPhoneSimulator
		Ad-Hoc|x64 = Ad-Hoc|x64
		Ad-Hoc|x86 = Ad-Hoc|x86
		AppStore|Any CPU = AppStore|Any CPU
		AppStore|ARM = AppStore|ARM
		AppStore|iPhone = AppStore|iPhone
		AppStore|iPhoneSimulator = AppStore|iPhoneSimulator
		AppStore|x64 = AppStore|x64
		AppStore|x86 = AppStore|x86
		Debug|Any CPU = Debug|Any CPU
		Debug|ARM = Debug|ARM
		Debug|iPhone = Debug|iPhone
		Debug|iPhoneSimulator = Debug|iPhoneSimulator
		Debug|x64 = Debug|x64
		Debug|x86 = Debug|x86
		Release|Any CPU = Release|Any CPU
		Release|ARM = Release|ARM
		Release|iPhone = Release|iPhone
		Release|iPhoneSimulator = Release|iPhoneSimulator
		Release|x64 = Release|x64
		Release|x86 = Release|x86
	EndGlobalSection
	GlobalSection(ProjectConfigurationPlatforms) = postSolution
		{986769A8-6F86-4655-A422-830D6948D0F5}.Ad-Hoc|Any CPU.ActiveCfg = Release|Any CPU
		{986769A8-6F86-4655-A422-830D6948D0F5}.Ad-Hoc|Any CPU.Build.0 = Release|Any CPU
		{986769A8-6F86-4655-A422-830D6948D0F5}.Ad-Hoc|Any CPU.Deploy.0 = Release|Any CPU
		{986769A8-6F86-4655-A422-830D6948D0F5}.Ad-Hoc|ARM.ActiveCfg = Release|Any CPU
		{986769A8-6F86-4655-A422-830D6948D0F5}.Ad-Hoc|ARM.Build.0 = Release|Any CPU
		{986769A8-6F86-4655-A422-830D6948D0F5}.Ad-Hoc|ARM.Deploy.0 = Release|Any CPU
		{986769A8-6F86-4655-A422-830D6948D0F5}.Ad-Hoc|iPhone.ActiveCfg = Release|Any CPU
		{986769A8-6F86-4655-A422-830D6948D0F5}.Ad-Hoc|iPhone.Build.0 = Release|Any CPU
		{986769A8-6F86-4655-A422-830D6948D0F5}.Ad-Hoc|iPhone.Deploy.0 = Release|Any CPU
		{986769A8-6F86-4655-A422-830D6948D0F5}.Ad-Hoc|iPhoneSimulator.ActiveCfg = Release|Any CPU
		{986769A8-6F86-4655-A422-830D6948D0F5}.Ad-Hoc|iPhoneSimulator.Build.0 = Release|Any CPU
		{986769A8-6F86-4655-A422-830D6948D0F5}.Ad-Hoc|iPhoneSimulator.Deploy.0 = Release|Any CPU
		{986769A8-6F86-4655-A422-830D6948D0F5}.Ad-Hoc|x64.ActiveCfg = Release|Any CPU
		{986769A8-6F86-4655-A422-830D6948D0F5}.Ad-Hoc|x64.Build.0 = Release|Any CPU
		{986769A8-6F86-4655-A422-830D6948D0F5}.Ad-Hoc|x64.Deploy.0 = Release|Any CPU
		{986769A8-6F86-4655-A422-830D6948D0F5}.Ad-Hoc|x86.ActiveCfg = Release|Any CPU
		{986769A8-6F86-4655-A422-830D6948D0F5}.Ad-Hoc|x86.Build.0 = Release|Any CPU
		{986769A8-6F86-4655-A422-830D6948D0F5}.Ad-Hoc|x86.Deploy.0 = Release|Any CPU
		{986769A8-6F86-4655-A422-830D6948D0F5}.AppStore|Any CPU.ActiveCfg = Release|Any CPU
		{986769A8-6F86-4655-A422-830D6948D0F5}.AppStore|Any CPU.Build.0 = Release|Any CPU
		{986769A8-6F86-4655-A422-830D6948D0F5}.AppStore|Any CPU.Deploy.0 = Release|Any CPU
		{986769A8-6F86-4655-A422-830D6948D0F5}.AppStore|ARM.ActiveCfg = Release|Any CPU
		{986769A8-6F86-4655-A422-830D6948D0F5}.AppStore|ARM.Build.0 = Release|Any CPU
		{986769A8-6F86-4655-A422-830D6948D0F5}.AppStore|ARM.Deploy.0 = Release|Any CPU
		{986769A8-6F86-4655-A422-830D6948D0F5}.AppStore|iPhone.ActiveCfg = Release|Any CPU
		{986769A8-6F86-4655-A422-830D6948D0F5}.AppStore|iPhone.Build.0 = Release|Any CPU
		{986769A8-6F86-4655-A422-830D6948D0F5}.AppStore|iPhone.Deploy.0 = Release|Any CPU
		{986769A8-6F86-4655-A422-830D6948D0F5}.AppStore|iPhoneSimulator.ActiveCfg = Release|Any CPU
		{986769A8-6F86-4655-A422-830D6948D0F5}.AppStore|iPhoneSimulator.Build.0 = Release|Any CPU
		{986769A8-6F86-4655-A422-830D6948D0F5}.AppStore|iPhoneSimulator.Deploy.0 = Release|Any CPU
		{986769A8-6F86-4655-A422-830D6948D0F5}.AppStore|x64.ActiveCfg = Release|Any CPU
		{986769A8-6F86-4655-A422-830D6948D0F5}.AppStore|x64.Build.0 = Release|Any CPU
		{986769A8-6F86-4655-A422-830D6948D0F5}.AppStore|x64.Deploy.0 = Release|Any CPU
		{986769A8-6F86-4655-A422-830D6948D0F5}.AppStore|x86.ActiveCfg = Release|Any CPU
		{986769A8-6F86-4655-A422-830D6948D0F5}.AppStore|x86.Build.0 = Release|Any CPU
		{986769A8-6F86-4655-A422-830D6948D0F5}.AppStore|x86.Deploy.0 = Release|Any CPU
		{986769A8-6F86-4655-A422-830D6948D0F5}.Debug|Any CPU.ActiveCfg = Debug|Any CPU
		{986769A8-6F86-4655-A422-830D6948D0F5}.Debug|Any CPU.Build.0 = Debug|Any CPU
		{986769A8-6F86-4655-A422-830D6948D0F5}.Debug|Any CPU.Deploy.0 = Debug|Any CPU
		{986769A8-6F86-4655-A422-830D6948D0F5}.Debug|ARM.ActiveCfg = Debug|Any CPU
		{986769A8-6F86-4655-A422-830D6948D0F5}.Debug|ARM.Build.0 = Debug|Any CPU
		{986769A8-6F86-4655-A422-830D6948D0F5}.Debug|ARM.Deploy.0 = Debug|Any CPU
		{986769A8-6F86-4655-A422-830D6948D0F5}.Debug|iPhone.ActiveCfg = Debug|Any CPU
		{986769A8-6F86-4655-A422-830D6948D0F5}.Debug|iPhone.Build.0 = Debug|Any CPU
		{986769A8-6F86-4655-A422-830D6948D0F5}.Debug|iPhone.Deploy.0 = Debug|Any CPU
		{986769A8-6F86-4655-A422-830D6948D0F5}.Debug|iPhoneSimulator.ActiveCfg = Debug|Any CPU
		{986769A8-6F86-4655-A422-830D6948D0F5}.Debug|iPhoneSimulator.Build.0 = Debug|Any CPU
		{986769A8-6F86-4655-A422-830D6948D0F5}.Debug|iPhoneSimulator.Deploy.0 = Debug|Any CPU
		{986769A8-6F86-4655-A422-830D6948D0F5}.Debug|x64.ActiveCfg = Debug|Any CPU
		{986769A8-6F86-4655-A422-830D6948D0F5}.Debug|x64.Build.0 = Debug|Any CPU
		{986769A8-6F86-4655-A422-830D6948D0F5}.Debug|x64.Deploy.0 = Debug|Any CPU
		{986769A8-6F86-4655-A422-830D6948D0F5}.Debug|x86.ActiveCfg = Debug|Any CPU
		{986769A8-6F86-4655-A422-830D6948D0F5}.Debug|x86.Build.0 = Debug|Any CPU
		{986769A8-6F86-4655-A422-830D6948D0F5}.Debug|x86.Deploy.0 = Debug|Any CPU
		{986769A8-6F86-4655-A422-830D6948D0F5}.Release|Any CPU.ActiveCfg = Release|Any CPU
		{986769A8-6F86-4655-A422-830D6948D0F5}.Release|Any CPU.Build.0 = Release|Any CPU
		{986769A8-6F86-4655-A422-830D6948D0F5}.Release|Any CPU.Deploy.0 = Release|Any CPU
		{986769A8-6F86-4655-A422-830D6948D0F5}.Release|ARM.ActiveCfg = Release|Any CPU
		{986769A8-6F86-4655-A422-830D6948D0F5}.Release|ARM.Build.0 = Release|Any CPU
		{986769A8-6F86-4655-A422-830D6948D0F5}.Release|ARM.Deploy.0 = Release|Any CPU
		{986769A8-6F86-4655-A422-830D6948D0F5}.Release|iPhone.ActiveCfg = Release|Any CPU
		{986769A8-6F86-4655-A422-830D6948D0F5}.Release|iPhone.Build.0 = Release|Any CPU
		{986769A8-6F86-4655-A422-830D6948D0F5}.Release|iPhone.Deploy.0 = Release|Any CPU
		{986769A8-6F86-4655-A422-830D6948D0F5}.Release|iPhoneSimulator.ActiveCfg = Release|Any CPU
		{986769A8-6F86-4655-A422-830D6948D0F5}.Release|iPhoneSimulator.Build.0 = Release|Any CPU
		{986769A8-6F86-4655-A422-830D6948D0F5}.Release|iPhoneSimulator.Deploy.0 = Release|Any CPU
		{986769A8-6F86-4655-A422-830D6948D0F5}.Release|x64.ActiveCfg = Release|Any CPU
		{986769A8-6F86-4655-A422-830D6948D0F5}.Release|x64.Build.0 = Release|Any CPU
		{986769A8-6F86-4655-A422-830D6948D0F5}.Release|x64.Deploy.0 = Release|Any CPU
		{986769A8-6F86-4655-A422-830D6948D0F5}.Release|x86.ActiveCfg = Release|Any CPU
		{986769A8-6F86-4655-A422-830D6948D0F5}.Release|x86.Build.0 = Release|Any CPU
		{986769A8-6F86-4655-A422-830D6948D0F5}.Release|x86.Deploy.0 = Release|Any CPU
		{17476380-68FF-43F8-8B41-409D77F7B965}.Ad-Hoc|Any CPU.ActiveCfg = Ad-Hoc|iPhone
		{17476380-68FF-43F8-8B41-409D77F7B965}.Ad-Hoc|ARM.ActiveCfg = Ad-Hoc|iPhone
		{17476380-68FF-43F8-8B41-409D77F7B965}.Ad-Hoc|iPhone.ActiveCfg = Ad-Hoc|iPhone
		{17476380-68FF-43F8-8B41-409D77F7B965}.Ad-Hoc|iPhone.Build.0 = Ad-Hoc|iPhone
		{17476380-68FF-43F8-8B41-409D77F7B965}.Ad-Hoc|iPhoneSimulator.ActiveCfg = Ad-Hoc|iPhoneSimulator
		{17476380-68FF-43F8-8B41-409D77F7B965}.Ad-Hoc|iPhoneSimulator.Build.0 = Ad-Hoc|iPhoneSimulator
		{17476380-68FF-43F8-8B41-409D77F7B965}.Ad-Hoc|x64.ActiveCfg = Ad-Hoc|iPhone
		{17476380-68FF-43F8-8B41-409D77F7B965}.Ad-Hoc|x86.ActiveCfg = Ad-Hoc|iPhone
		{17476380-68FF-43F8-8B41-409D77F7B965}.AppStore|Any CPU.ActiveCfg = AppStore|iPhone
		{17476380-68FF-43F8-8B41-409D77F7B965}.AppStore|ARM.ActiveCfg = AppStore|iPhone
		{17476380-68FF-43F8-8B41-409D77F7B965}.AppStore|iPhone.ActiveCfg = AppStore|iPhone
		{17476380-68FF-43F8-8B41-409D77F7B965}.AppStore|iPhone.Build.0 = AppStore|iPhone
		{17476380-68FF-43F8-8B41-409D77F7B965}.AppStore|iPhoneSimulator.ActiveCfg = AppStore|iPhoneSimulator
		{17476380-68FF-43F8-8B41-409D77F7B965}.AppStore|iPhoneSimulator.Build.0 = AppStore|iPhoneSimulator
		{17476380-68FF-43F8-8B41-409D77F7B965}.AppStore|x64.ActiveCfg = AppStore|iPhone
		{17476380-68FF-43F8-8B41-409D77F7B965}.AppStore|x86.ActiveCfg = AppStore|iPhone
		{17476380-68FF-43F8-8B41-409D77F7B965}.Debug|Any CPU.ActiveCfg = Debug|iPhone
		{17476380-68FF-43F8-8B41-409D77F7B965}.Debug|ARM.ActiveCfg = Debug|iPhone
		{17476380-68FF-43F8-8B41-409D77F7B965}.Debug|iPhone.ActiveCfg = Debug|iPhone
		{17476380-68FF-43F8-8B41-409D77F7B965}.Debug|iPhone.Build.0 = Debug|iPhone
		{17476380-68FF-43F8-8B41-409D77F7B965}.Debug|iPhoneSimulator.ActiveCfg = Debug|iPhoneSimulator
		{17476380-68FF-43F8-8B41-409D77F7B965}.Debug|iPhoneSimulator.Build.0 = Debug|iPhoneSimulator
		{17476380-68FF-43F8-8B41-409D77F7B965}.Debug|x64.ActiveCfg = Debug|iPhone
		{17476380-68FF-43F8-8B41-409D77F7B965}.Debug|x86.ActiveCfg = Debug|iPhone
		{17476380-68FF-43F8-8B41-409D77F7B965}.Release|Any CPU.ActiveCfg = Release|iPhone
		{17476380-68FF-43F8-8B41-409D77F7B965}.Release|ARM.ActiveCfg = Release|iPhone
		{17476380-68FF-43F8-8B41-409D77F7B965}.Release|iPhone.ActiveCfg = Release|iPhone
		{17476380-68FF-43F8-8B41-409D77F7B965}.Release|iPhone.Build.0 = Release|iPhone
		{17476380-68FF-43F8-8B41-409D77F7B965}.Release|iPhoneSimulator.ActiveCfg = Release|iPhoneSimulator
		{17476380-68FF-43F8-8B41-409D77F7B965}.Release|iPhoneSimulator.Build.0 = Release|iPhoneSimulator
		{17476380-68FF-43F8-8B41-409D77F7B965}.Release|x64.ActiveCfg = Release|iPhone
		{17476380-68FF-43F8-8B41-409D77F7B965}.Release|x86.ActiveCfg = Release|iPhone
		{DD4FA022-9EB1-4187-A29B-691CC39AA448}.Ad-Hoc|Any CPU.ActiveCfg = Debug|Any CPU
		{DD4FA022-9EB1-4187-A29B-691CC39AA448}.Ad-Hoc|Any CPU.Build.0 = Debug|Any CPU
		{DD4FA022-9EB1-4187-A29B-691CC39AA448}.Ad-Hoc|ARM.ActiveCfg = Debug|Any CPU
		{DD4FA022-9EB1-4187-A29B-691CC39AA448}.Ad-Hoc|ARM.Build.0 = Debug|Any CPU
		{DD4FA022-9EB1-4187-A29B-691CC39AA448}.Ad-Hoc|iPhone.ActiveCfg = Debug|Any CPU
		{DD4FA022-9EB1-4187-A29B-691CC39AA448}.Ad-Hoc|iPhone.Build.0 = Debug|Any CPU
		{DD4FA022-9EB1-4187-A29B-691CC39AA448}.Ad-Hoc|iPhoneSimulator.ActiveCfg = Debug|Any CPU
		{DD4FA022-9EB1-4187-A29B-691CC39AA448}.Ad-Hoc|iPhoneSimulator.Build.0 = Debug|Any CPU
		{DD4FA022-9EB1-4187-A29B-691CC39AA448}.Ad-Hoc|x64.ActiveCfg = Debug|Any CPU
		{DD4FA022-9EB1-4187-A29B-691CC39AA448}.Ad-Hoc|x64.Build.0 = Debug|Any CPU
		{DD4FA022-9EB1-4187-A29B-691CC39AA448}.Ad-Hoc|x86.ActiveCfg = Debug|Any CPU
		{DD4FA022-9EB1-4187-A29B-691CC39AA448}.Ad-Hoc|x86.Build.0 = Debug|Any CPU
		{DD4FA022-9EB1-4187-A29B-691CC39AA448}.AppStore|Any CPU.ActiveCfg = Debug|Any CPU
		{DD4FA022-9EB1-4187-A29B-691CC39AA448}.AppStore|Any CPU.Build.0 = Debug|Any CPU
		{DD4FA022-9EB1-4187-A29B-691CC39AA448}.AppStore|ARM.ActiveCfg = Debug|Any CPU
		{DD4FA022-9EB1-4187-A29B-691CC39AA448}.AppStore|ARM.Build.0 = Debug|Any CPU
		{DD4FA022-9EB1-4187-A29B-691CC39AA448}.AppStore|iPhone.ActiveCfg = Debug|Any CPU
		{DD4FA022-9EB1-4187-A29B-691CC39AA448}.AppStore|iPhone.Build.0 = Debug|Any CPU
		{DD4FA022-9EB1-4187-A29B-691CC39AA448}.AppStore|iPhoneSimulator.ActiveCfg = Debug|Any CPU
		{DD4FA022-9EB1-4187-A29B-691CC39AA448}.AppStore|iPhoneSimulator.Build.0 = Debug|Any CPU
		{DD4FA022-9EB1-4187-A29B-691CC39AA448}.AppStore|x64.ActiveCfg = Debug|Any CPU
		{DD4FA022-9EB1-4187-A29B-691CC39AA448}.AppStore|x64.Build.0 = Debug|Any CPU
		{DD4FA022-9EB1-4187-A29B-691CC39AA448}.AppStore|x86.ActiveCfg = Debug|Any CPU
		{DD4FA022-9EB1-4187-A29B-691CC39AA448}.AppStore|x86.Build.0 = Debug|Any CPU
		{DD4FA022-9EB1-4187-A29B-691CC39AA448}.Debug|Any CPU.ActiveCfg = Debug|Any CPU
		{DD4FA022-9EB1-4187-A29B-691CC39AA448}.Debug|Any CPU.Build.0 = Debug|Any CPU
		{DD4FA022-9EB1-4187-A29B-691CC39AA448}.Debug|ARM.ActiveCfg = Debug|Any CPU
		{DD4FA022-9EB1-4187-A29B-691CC39AA448}.Debug|ARM.Build.0 = Debug|Any CPU
		{DD4FA022-9EB1-4187-A29B-691CC39AA448}.Debug|iPhone.ActiveCfg = Debug|Any CPU
		{DD4FA022-9EB1-4187-A29B-691CC39AA448}.Debug|iPhone.Build.0 = Debug|Any CPU
		{DD4FA022-9EB1-4187-A29B-691CC39AA448}.Debug|iPhoneSimulator.ActiveCfg = Debug|Any CPU
		{DD4FA022-9EB1-4187-A29B-691CC39AA448}.Debug|iPhoneSimulator.Build.0 = Debug|Any CPU
		{DD4FA022-9EB1-4187-A29B-691CC39AA448}.Debug|x64.ActiveCfg = Debug|Any CPU
		{DD4FA022-9EB1-4187-A29B-691CC39AA448}.Debug|x64.Build.0 = Debug|Any CPU
		{DD4FA022-9EB1-4187-A29B-691CC39AA448}.Debug|x86.ActiveCfg = Debug|Any CPU
		{DD4FA022-9EB1-4187-A29B-691CC39AA448}.Debug|x86.Build.0 = Debug|Any CPU
		{DD4FA022-9EB1-4187-A29B-691CC39AA448}.Release|Any CPU.ActiveCfg = Release|Any CPU
		{DD4FA022-9EB1-4187-A29B-691CC39AA448}.Release|Any CPU.Build.0 = Release|Any CPU
		{DD4FA022-9EB1-4187-A29B-691CC39AA448}.Release|ARM.ActiveCfg = Release|Any CPU
		{DD4FA022-9EB1-4187-A29B-691CC39AA448}.Release|ARM.Build.0 = Release|Any CPU
		{DD4FA022-9EB1-4187-A29B-691CC39AA448}.Release|iPhone.ActiveCfg = Release|Any CPU
		{DD4FA022-9EB1-4187-A29B-691CC39AA448}.Release|iPhone.Build.0 = Release|Any CPU
		{DD4FA022-9EB1-4187-A29B-691CC39AA448}.Release|iPhoneSimulator.ActiveCfg = Release|Any CPU
		{DD4FA022-9EB1-4187-A29B-691CC39AA448}.Release|iPhoneSimulator.Build.0 = Release|Any CPU
		{DD4FA022-9EB1-4187-A29B-691CC39AA448}.Release|x64.ActiveCfg = Release|Any CPU
		{DD4FA022-9EB1-4187-A29B-691CC39AA448}.Release|x64.Build.0 = Release|Any CPU
		{DD4FA022-9EB1-4187-A29B-691CC39AA448}.Release|x86.ActiveCfg = Release|Any CPU
		{DD4FA022-9EB1-4187-A29B-691CC39AA448}.Release|x86.Build.0 = Release|Any CPU
	EndGlobalSection
	GlobalSection(SolutionProperties) = preSolution
		HideSolutionNode = FALSE
	EndGlobalSection
	GlobalSection(ExtensibilityGlobals) = postSolution
		SolutionGuid = {7D69BAB4-497B-4979-8C42-07AD5EC8D456}
	EndGlobalSection
EndGlobal
